// !$*UTF8*$!
{
	archiveVersion = 1;
	classes = {
	};
	objectVersion = 51;
	objects = {

/* Begin PBXBuildFile section */
		2924273B22C31B08003CDD9F /* AppDelegate.swift in Sources */ = {isa = PBXBuildFile; fileRef = 2924273A22C31B08003CDD9F /* AppDelegate.swift */; };
		2924273D22C31B08003CDD9F /* TaskViewController.swift in Sources */ = {isa = PBXBuildFile; fileRef = 2924273C22C31B08003CDD9F /* TaskViewController.swift */; };
		2924274022C31B08003CDD9F /* Main.storyboard in Resources */ = {isa = PBXBuildFile; fileRef = 2924273E22C31B08003CDD9F /* Main.storyboard */; };
		2924274222C31B09003CDD9F /* Assets.xcassets in Resources */ = {isa = PBXBuildFile; fileRef = 2924274122C31B09003CDD9F /* Assets.xcassets */; };
		2924274522C31B09003CDD9F /* LaunchScreen.storyboard in Resources */ = {isa = PBXBuildFile; fileRef = 2924274322C31B09003CDD9F /* LaunchScreen.storyboard */; };
		2924274F22C32479003CDD9F /* GoogleService-Info.plist in Resources */ = {isa = PBXBuildFile; fileRef = 2924274E22C32479003CDD9F /* GoogleService-Info.plist */; };
		2924275622C355BF003CDD9F /* TaskCell.swift in Sources */ = {isa = PBXBuildFile; fileRef = 2924275422C355BF003CDD9F /* TaskCell.swift */; };
		2924275722C355BF003CDD9F /* TaskCell.xib in Resources */ = {isa = PBXBuildFile; fileRef = 2924275522C355BF003CDD9F /* TaskCell.xib */; };
		2924275A22C35D8E003CDD9F /* Task.swift in Sources */ = {isa = PBXBuildFile; fileRef = 2924275922C35D8E003CDD9F /* Task.swift */; };
		292F3DDA22C480FD006B9592 /* NewTaskViewController.swift in Sources */ = {isa = PBXBuildFile; fileRef = 292F3DD922C480FD006B9592 /* NewTaskViewController.swift */; };
		2939B32022D81B17009907A4 /* RegisterViewController.swift in Sources */ = {isa = PBXBuildFile; fileRef = 2939B31F22D81B17009907A4 /* RegisterViewController.swift */; };
		293E7CB622D5C728005E5DCF /* Extension+UIlabel.swift in Sources */ = {isa = PBXBuildFile; fileRef = 293E7CB522D5C728005E5DCF /* Extension+UIlabel.swift */; };
		296E1F6C22D2FDB800F668FB /* StartViewController.swift in Sources */ = {isa = PBXBuildFile; fileRef = 296E1F6A22D2FDB800F668FB /* StartViewController.swift */; };
		296E1F7522D31FDF00F668FB /* DataStartCell.swift in Sources */ = {isa = PBXBuildFile; fileRef = 296E1F7422D31FDF00F668FB /* DataStartCell.swift */; };
		299F808D22D6D39F00DF4443 /* ForgotViewController.swift in Sources */ = {isa = PBXBuildFile; fileRef = 299F808C22D6D39F00DF4443 /* ForgotViewController.swift */; };
		299F808F22D6E7D600DF4443 /* SuccesfulViewController.swift in Sources */ = {isa = PBXBuildFile; fileRef = 299F808E22D6E7D600DF4443 /* SuccesfulViewController.swift */; };
		29A06E8622D340E600514868 /* StartCell.swift in Sources */ = {isa = PBXBuildFile; fileRef = 29A06E8422D340E600514868 /* StartCell.swift */; };
		29A06E8722D340E600514868 /* StartCell.xib in Resources */ = {isa = PBXBuildFile; fileRef = 29A06E8522D340E600514868 /* StartCell.xib */; };
		29A086D222D4341F00741F2C /* LogInViewController.swift in Sources */ = {isa = PBXBuildFile; fileRef = 29A086D122D4341F00741F2C /* LogInViewController.swift */; };
		29F5672522DC14830079A557 /* HeaderTableView.xib in Resources */ = {isa = PBXBuildFile; fileRef = 29F5672422DC14830079A557 /* HeaderTableView.xib */; };
		29F5672722DC16070079A557 /* HeaderTableView.swift in Sources */ = {isa = PBXBuildFile; fileRef = 29F5672622DC16070079A557 /* HeaderTableView.swift */; };
		F318523A65B15A8482237099 /* Pods_WorkList.framework in Frameworks */ = {isa = PBXBuildFile; fileRef = 0356A075FB4F2054D132D212 /* Pods_WorkList.framework */; };
/* End PBXBuildFile section */

/* Begin PBXFileReference section */
		0356A075FB4F2054D132D212 /* Pods_WorkList.framework */ = {isa = PBXFileReference; explicitFileType = wrapper.framework; includeInIndex = 0; path = Pods_WorkList.framework; sourceTree = BUILT_PRODUCTS_DIR; };
		2924273722C31B08003CDD9F /* WorkList.app */ = {isa = PBXFileReference; explicitFileType = wrapper.application; includeInIndex = 0; path = WorkList.app; sourceTree = BUILT_PRODUCTS_DIR; };
		2924273A22C31B08003CDD9F /* AppDelegate.swift */ = {isa = PBXFileReference; lastKnownFileType = sourcecode.swift; path = AppDelegate.swift; sourceTree = "<group>"; };
		2924273C22C31B08003CDD9F /* TaskViewController.swift */ = {isa = PBXFileReference; lastKnownFileType = sourcecode.swift; path = TaskViewController.swift; sourceTree = "<group>"; };
		2924273F22C31B08003CDD9F /* Base */ = {isa = PBXFileReference; lastKnownFileType = file.storyboard; name = Base; path = Base.lproj/Main.storyboard; sourceTree = "<group>"; };
		2924274122C31B09003CDD9F /* Assets.xcassets */ = {isa = PBXFileReference; lastKnownFileType = folder.assetcatalog; path = Assets.xcassets; sourceTree = "<group>"; };
		2924274422C31B09003CDD9F /* Base */ = {isa = PBXFileReference; lastKnownFileType = file.storyboard; name = Base; path = Base.lproj/LaunchScreen.storyboard; sourceTree = "<group>"; };
		2924274622C31B09003CDD9F /* Info.plist */ = {isa = PBXFileReference; lastKnownFileType = text.plist.xml; path = Info.plist; sourceTree = "<group>"; };
		2924274E22C32479003CDD9F /* GoogleService-Info.plist */ = {isa = PBXFileReference; fileEncoding = 4; lastKnownFileType = text.plist.xml; path = "GoogleService-Info.plist"; sourceTree = "<group>"; };
		2924275022C3532E003CDD9F /* WorkList-Bridging-Header.h */ = {isa = PBXFileReference; lastKnownFileType = sourcecode.c.h; path = "WorkList-Bridging-Header.h"; sourceTree = "<group>"; };
		2924275422C355BF003CDD9F /* TaskCell.swift */ = {isa = PBXFileReference; lastKnownFileType = sourcecode.swift; path = TaskCell.swift; sourceTree = "<group>"; };
		2924275522C355BF003CDD9F /* TaskCell.xib */ = {isa = PBXFileReference; lastKnownFileType = file.xib; path = TaskCell.xib; sourceTree = "<group>"; };
		2924275922C35D8E003CDD9F /* Task.swift */ = {isa = PBXFileReference; lastKnownFileType = sourcecode.swift; path = Task.swift; sourceTree = "<group>"; };
		292F3DD822C46CF7006B9592 /* WorkList.entitlements */ = {isa = PBXFileReference; lastKnownFileType = text.plist.entitlements; path = WorkList.entitlements; sourceTree = "<group>"; };
		292F3DD922C480FD006B9592 /* NewTaskViewController.swift */ = {isa = PBXFileReference; lastKnownFileType = sourcecode.swift; path = NewTaskViewController.swift; sourceTree = "<group>"; };
		2939B31F22D81B17009907A4 /* RegisterViewController.swift */ = {isa = PBXFileReference; lastKnownFileType = sourcecode.swift; path = RegisterViewController.swift; sourceTree = "<group>"; };
		293E7CB522D5C728005E5DCF /* Extension+UIlabel.swift */ = {isa = PBXFileReference; lastKnownFileType = sourcecode.swift; path = "Extension+UIlabel.swift"; sourceTree = "<group>"; };
		296E1F6A22D2FDB800F668FB /* StartViewController.swift */ = {isa = PBXFileReference; lastKnownFileType = sourcecode.swift; path = StartViewController.swift; sourceTree = "<group>"; };
		296E1F7422D31FDF00F668FB /* DataStartCell.swift */ = {isa = PBXFileReference; lastKnownFileType = sourcecode.swift; path = DataStartCell.swift; sourceTree = "<group>"; };
		299F808C22D6D39F00DF4443 /* ForgotViewController.swift */ = {isa = PBXFileReference; lastKnownFileType = sourcecode.swift; path = ForgotViewController.swift; sourceTree = "<group>"; };
		299F808E22D6E7D600DF4443 /* SuccesfulViewController.swift */ = {isa = PBXFileReference; lastKnownFileType = sourcecode.swift; path = SuccesfulViewController.swift; sourceTree = "<group>"; };
		29A06E8422D340E600514868 /* StartCell.swift */ = {isa = PBXFileReference; lastKnownFileType = sourcecode.swift; path = StartCell.swift; sourceTree = "<group>"; };
		29A06E8522D340E600514868 /* StartCell.xib */ = {isa = PBXFileReference; lastKnownFileType = file.xib; path = StartCell.xib; sourceTree = "<group>"; };
		29A086D122D4341F00741F2C /* LogInViewController.swift */ = {isa = PBXFileReference; lastKnownFileType = sourcecode.swift; path = LogInViewController.swift; sourceTree = "<group>"; };
		29F5672422DC14830079A557 /* HeaderTableView.xib */ = {isa = PBXFileReference; lastKnownFileType = file.xib; path = HeaderTableView.xib; sourceTree = "<group>"; };
		29F5672622DC16070079A557 /* HeaderTableView.swift */ = {isa = PBXFileReference; lastKnownFileType = sourcecode.swift; path = HeaderTableView.swift; sourceTree = "<group>"; };
		A6D3CF63B2D639F7255CFEBB /* Pods-WorkList.debug.xcconfig */ = {isa = PBXFileReference; includeInIndex = 1; lastKnownFileType = text.xcconfig; name = "Pods-WorkList.debug.xcconfig"; path = "Target Support Files/Pods-WorkList/Pods-WorkList.debug.xcconfig"; sourceTree = "<group>"; };
		D19C45D801C54A4DEB81928E /* Pods-WorkList.release.xcconfig */ = {isa = PBXFileReference; includeInIndex = 1; lastKnownFileType = text.xcconfig; name = "Pods-WorkList.release.xcconfig"; path = "Target Support Files/Pods-WorkList/Pods-WorkList.release.xcconfig"; sourceTree = "<group>"; };
/* End PBXFileReference section */

/* Begin PBXFrameworksBuildPhase section */
		2924273422C31B08003CDD9F /* Frameworks */ = {
			isa = PBXFrameworksBuildPhase;
			buildActionMask = 2147483647;
			files = (
				F318523A65B15A8482237099 /* Pods_WorkList.framework in Frameworks */,
			);
			runOnlyForDeploymentPostprocessing = 0;
		};
/* End PBXFrameworksBuildPhase section */

/* Begin PBXGroup section */
		2924272E22C31B08003CDD9F = {
			isa = PBXGroup;
			children = (
				2924273922C31B08003CDD9F /* WorkList */,
				2924273822C31B08003CDD9F /* Products */,
				EAAA39A05E6129771BBE3434 /* Pods */,
				B809DB14EF07C2BB9B2AC072 /* Frameworks */,
			);
			sourceTree = "<group>";
		};
		2924273822C31B08003CDD9F /* Products */ = {
			isa = PBXGroup;
			children = (
				2924273722C31B08003CDD9F /* WorkList.app */,
			);
			name = Products;
			sourceTree = "<group>";
		};
		2924273922C31B08003CDD9F /* WorkList */ = {
			isa = PBXGroup;
			children = (
				292F3DD822C46CF7006B9592 /* WorkList.entitlements */,
				293E7CB422D5C6F7005E5DCF /* Extension */,
				296E1F6E22D2FDBE00F668FB /* UI */,
				2924275822C35D35003CDD9F /* Model */,
				2924275222C35553003CDD9F /* Controller */,
				2924273E22C31B08003CDD9F /* Main.storyboard */,
				2924274E22C32479003CDD9F /* GoogleService-Info.plist */,
				2924275022C3532E003CDD9F /* WorkList-Bridging-Header.h */,
				2924275122C3553E003CDD9F /* Support */,
			);
			path = WorkList;
			sourceTree = "<group>";
		};
		2924275122C3553E003CDD9F /* Support */ = {
			isa = PBXGroup;
			children = (
				2924274322C31B09003CDD9F /* LaunchScreen.storyboard */,
				2924273A22C31B08003CDD9F /* AppDelegate.swift */,
				2924274122C31B09003CDD9F /* Assets.xcassets */,
				2924274622C31B09003CDD9F /* Info.plist */,
			);
			path = Support;
			sourceTree = "<group>";
		};
		2924275222C35553003CDD9F /* Controller */ = {
			isa = PBXGroup;
			children = (
				296E1F6A22D2FDB800F668FB /* StartViewController.swift */,
				2924273C22C31B08003CDD9F /* TaskViewController.swift */,
				292F3DD922C480FD006B9592 /* NewTaskViewController.swift */,
				29A086D122D4341F00741F2C /* LogInViewController.swift */,
				299F808C22D6D39F00DF4443 /* ForgotViewController.swift */,
				299F808E22D6E7D600DF4443 /* SuccesfulViewController.swift */,
				2939B31F22D81B17009907A4 /* RegisterViewController.swift */,
			);
			path = Controller;
			sourceTree = "<group>";
		};
		2924275322C355A8003CDD9F /* Cell */ = {
			isa = PBXGroup;
			children = (
				2924275422C355BF003CDD9F /* TaskCell.swift */,
				2924275522C355BF003CDD9F /* TaskCell.xib */,
				29A06E8422D340E600514868 /* StartCell.swift */,
				29A06E8522D340E600514868 /* StartCell.xib */,
			);
			path = Cell;
			sourceTree = "<group>";
		};
		2924275822C35D35003CDD9F /* Model */ = {
			isa = PBXGroup;
			children = (
				296E1F7422D31FDF00F668FB /* DataStartCell.swift */,
				2924275922C35D8E003CDD9F /* Task.swift */,
			);
			path = Model;
			sourceTree = "<group>";
		};
		293E7CB422D5C6F7005E5DCF /* Extension */ = {
			isa = PBXGroup;
			children = (
				293E7CB522D5C728005E5DCF /* Extension+UIlabel.swift */,
			);
			path = Extension;
			sourceTree = "<group>";
		};
		296E1F6E22D2FDBE00F668FB /* UI */ = {
			isa = PBXGroup;
			children = (
				29F5672322DC14720079A557 /* View */,
				2924275322C355A8003CDD9F /* Cell */,
			);
			path = UI;
			sourceTree = "<group>";
		};
		29F5672322DC14720079A557 /* View */ = {
			isa = PBXGroup;
			children = (
				29F5672422DC14830079A557 /* HeaderTableView.xib */,
				29F5672622DC16070079A557 /* HeaderTableView.swift */,
			);
			path = View;
			sourceTree = "<group>";
		};
		B809DB14EF07C2BB9B2AC072 /* Frameworks */ = {
			isa = PBXGroup;
			children = (
				0356A075FB4F2054D132D212 /* Pods_WorkList.framework */,
			);
			name = Frameworks;
			sourceTree = "<group>";
		};
		EAAA39A05E6129771BBE3434 /* Pods */ = {
			isa = PBXGroup;
			children = (
				A6D3CF63B2D639F7255CFEBB /* Pods-WorkList.debug.xcconfig */,
				D19C45D801C54A4DEB81928E /* Pods-WorkList.release.xcconfig */,
			);
			path = Pods;
			sourceTree = "<group>";
		};
/* End PBXGroup section */

/* Begin PBXNativeTarget section */
		2924273622C31B08003CDD9F /* WorkList */ = {
			isa = PBXNativeTarget;
			buildConfigurationList = 2924274922C31B09003CDD9F /* Build configuration list for PBXNativeTarget "WorkList" */;
			buildPhases = (
				4A27F6C4BAE4016290703178 /* [CP] Check Pods Manifest.lock */,
				2924273322C31B08003CDD9F /* Sources */,
				2924273422C31B08003CDD9F /* Frameworks */,
				2924273522C31B08003CDD9F /* Resources */,
				744D1DB9EDD7072AD0597750 /* [CP] Embed Pods Frameworks */,
			);
			buildRules = (
			);
			dependencies = (
			);
			name = WorkList;
			productName = WorkList;
			productReference = 2924273722C31B08003CDD9F /* WorkList.app */;
			productType = "com.apple.product-type.application";
		};
/* End PBXNativeTarget section */

/* Begin PBXProject section */
		2924272F22C31B08003CDD9F /* Project object */ = {
			isa = PBXProject;
			attributes = {
				LastSwiftUpdateCheck = 1020;
				LastUpgradeCheck = 1020;
				ORGANIZATIONNAME = "CuongVX-D1";
				TargetAttributes = {
					2924273622C31B08003CDD9F = {
						CreatedOnToolsVersion = 10.2.1;
						SystemCapabilities = {
							com.apple.Push = {
								enabled = 1;
							};
						};
					};
				};
			};
			buildConfigurationList = 2924273222C31B08003CDD9F /* Build configuration list for PBXProject "WorkList" */;
			compatibilityVersion = "Xcode 9.3";
			developmentRegion = en;
			hasScannedForEncodings = 0;
			knownRegions = (
				en,
				Base,
			);
			mainGroup = 2924272E22C31B08003CDD9F;
			productRefGroup = 2924273822C31B08003CDD9F /* Products */;
			projectDirPath = "";
			projectRoot = "";
			targets = (
				2924273622C31B08003CDD9F /* WorkList */,
			);
		};
/* End PBXProject section */

/* Begin PBXResourcesBuildPhase section */
		2924273522C31B08003CDD9F /* Resources */ = {
			isa = PBXResourcesBuildPhase;
			buildActionMask = 2147483647;
			files = (
				29A06E8722D340E600514868 /* StartCell.xib in Resources */,
				2924274522C31B09003CDD9F /* LaunchScreen.storyboard in Resources */,
				2924275722C355BF003CDD9F /* TaskCell.xib in Resources */,
				2924274F22C32479003CDD9F /* GoogleService-Info.plist in Resources */,
				29F5672522DC14830079A557 /* HeaderTableView.xib in Resources */,
				2924274222C31B09003CDD9F /* Assets.xcassets in Resources */,
				2924274022C31B08003CDD9F /* Main.storyboard in Resources */,
			);
			runOnlyForDeploymentPostprocessing = 0;
		};
/* End PBXResourcesBuildPhase section */

/* Begin PBXShellScriptBuildPhase section */
		4A27F6C4BAE4016290703178 /* [CP] Check Pods Manifest.lock */ = {
			isa = PBXShellScriptBuildPhase;
			buildActionMask = 2147483647;
			files = (
			);
			inputFileListPaths = (
			);
			inputPaths = (
				"${PODS_PODFILE_DIR_PATH}/Podfile.lock",
				"${PODS_ROOT}/Manifest.lock",
			);
			name = "[CP] Check Pods Manifest.lock";
			outputFileListPaths = (
			);
			outputPaths = (
				"$(DERIVED_FILE_DIR)/Pods-WorkList-checkManifestLockResult.txt",
			);
			runOnlyForDeploymentPostprocessing = 0;
			shellPath = /bin/sh;
			shellScript = "diff \"${PODS_PODFILE_DIR_PATH}/Podfile.lock\" \"${PODS_ROOT}/Manifest.lock\" > /dev/null\nif [ $? != 0 ] ; then\n    # print error to STDERR\n    echo \"error: The sandbox is not in sync with the Podfile.lock. Run 'pod install' or update your CocoaPods installation.\" >&2\n    exit 1\nfi\n# This output is used by Xcode 'outputs' to avoid re-running this script phase.\necho \"SUCCESS\" > \"${SCRIPT_OUTPUT_FILE_0}\"\n";
			showEnvVarsInLog = 0;
		};
		744D1DB9EDD7072AD0597750 /* [CP] Embed Pods Frameworks */ = {
			isa = PBXShellScriptBuildPhase;
			buildActionMask = 2147483647;
			files = (
			);
			inputFileListPaths = (
				"${PODS_ROOT}/Target Support Files/Pods-WorkList/Pods-WorkList-frameworks-${CONFIGURATION}-input-files.xcfilelist",
			);
			name = "[CP] Embed Pods Frameworks";
			outputFileListPaths = (
				"${PODS_ROOT}/Target Support Files/Pods-WorkList/Pods-WorkList-frameworks-${CONFIGURATION}-output-files.xcfilelist",
			);
			runOnlyForDeploymentPostprocessing = 0;
			shellPath = /bin/sh;
			shellScript = "\"${PODS_ROOT}/Target Support Files/Pods-WorkList/Pods-WorkList-frameworks.sh\"\n";
			showEnvVarsInLog = 0;
		};
/* End PBXShellScriptBuildPhase section */

/* Begin PBXSourcesBuildPhase section */
		2924273322C31B08003CDD9F /* Sources */ = {
			isa = PBXSourcesBuildPhase;
			buildActionMask = 2147483647;
			files = (
				29A06E8622D340E600514868 /* StartCell.swift in Sources */,
				2924275A22C35D8E003CDD9F /* Task.swift in Sources */,
				29A086D222D4341F00741F2C /* LogInViewController.swift in Sources */,
				292F3DDA22C480FD006B9592 /* NewTaskViewController.swift in Sources */,
				29F5672722DC16070079A557 /* HeaderTableView.swift in Sources */,
				299F808F22D6E7D600DF4443 /* SuccesfulViewController.swift in Sources */,
				2924273D22C31B08003CDD9F /* TaskViewController.swift in Sources */,
				2924275622C355BF003CDD9F /* TaskCell.swift in Sources */,
				2924273B22C31B08003CDD9F /* AppDelegate.swift in Sources */,
				296E1F7522D31FDF00F668FB /* DataStartCell.swift in Sources */,
				293E7CB622D5C728005E5DCF /* Extension+UIlabel.swift in Sources */,
				2939B32022D81B17009907A4 /* RegisterViewController.swift in Sources */,
				299F808D22D6D39F00DF4443 /* ForgotViewController.swift in Sources */,
				296E1F6C22D2FDB800F668FB /* StartViewController.swift in Sources */,
			);
			runOnlyForDeploymentPostprocessing = 0;
		};
/* End PBXSourcesBuildPhase section */

/* Begin PBXVariantGroup section */
		2924273E22C31B08003CDD9F /* Main.storyboard */ = {
			isa = PBXVariantGroup;
			children = (
				2924273F22C31B08003CDD9F /* Base */,
			);
			name = Main.storyboard;
			sourceTree = "<group>";
		};
		2924274322C31B09003CDD9F /* LaunchScreen.storyboard */ = {
			isa = PBXVariantGroup;
			children = (
				2924274422C31B09003CDD9F /* Base */,
			);
			name = LaunchScreen.storyboard;
			sourceTree = "<group>";
		};
/* End PBXVariantGroup section */

/* Begin XCBuildConfiguration section */
		2924274722C31B09003CDD9F /* Debug */ = {
			isa = XCBuildConfiguration;
			buildSettings = {
				ALWAYS_SEARCH_USER_PATHS = NO;
				CLANG_ANALYZER_NONNULL = YES;
				CLANG_ANALYZER_NUMBER_OBJECT_CONVERSION = YES_AGGRESSIVE;
				CLANG_CXX_LANGUAGE_STANDARD = "gnu++14";
				CLANG_CXX_LIBRARY = "libc++";
				CLANG_ENABLE_MODULES = YES;
				CLANG_ENABLE_OBJC_ARC = YES;
				CLANG_ENABLE_OBJC_WEAK = YES;
				CLANG_WARN_BLOCK_CAPTURE_AUTORELEASING = YES;
				CLANG_WARN_BOOL_CONVERSION = YES;
				CLANG_WARN_COMMA = YES;
				CLANG_WARN_CONSTANT_CONVERSION = YES;
				CLANG_WARN_DEPRECATED_OBJC_IMPLEMENTATIONS = YES;
				CLANG_WARN_DIRECT_OBJC_ISA_USAGE = YES_ERROR;
				CLANG_WARN_DOCUMENTATION_COMMENTS = YES;
				CLANG_WARN_EMPTY_BODY = YES;
				CLANG_WARN_ENUM_CONVERSION = YES;
				CLANG_WARN_INFINITE_RECURSION = YES;
				CLANG_WARN_INT_CONVERSION = YES;
				CLANG_WARN_NON_LITERAL_NULL_CONVERSION = YES;
				CLANG_WARN_OBJC_IMPLICIT_RETAIN_SELF = YES;
				CLANG_WARN_OBJC_LITERAL_CONVERSION = YES;
				CLANG_WARN_OBJC_ROOT_CLASS = YES_ERROR;
				CLANG_WARN_RANGE_LOOP_ANALYSIS = YES;
				CLANG_WARN_STRICT_PROTOTYPES = YES;
				CLANG_WARN_SUSPICIOUS_MOVE = YES;
				CLANG_WARN_UNGUARDED_AVAILABILITY = YES_AGGRESSIVE;
				CLANG_WARN_UNREACHABLE_CODE = YES;
				CLANG_WARN__DUPLICATE_METHOD_MATCH = YES;
				CODE_SIGN_IDENTITY = "iPhone Developer";
				COPY_PHASE_STRIP = NO;
				DEBUG_INFORMATION_FORMAT = dwarf;
				ENABLE_STRICT_OBJC_MSGSEND = YES;
				ENABLE_TESTABILITY = YES;
				GCC_C_LANGUAGE_STANDARD = gnu11;
				GCC_DYNAMIC_NO_PIC = NO;
				GCC_NO_COMMON_BLOCKS = YES;
				GCC_OPTIMIZATION_LEVEL = 0;
				GCC_PREPROCESSOR_DEFINITIONS = (
					"DEBUG=1",
					"$(inherited)",
				);
				GCC_WARN_64_TO_32_BIT_CONVERSION = YES;
				GCC_WARN_ABOUT_RETURN_TYPE = YES_ERROR;
				GCC_WARN_UNDECLARED_SELECTOR = YES;
				GCC_WARN_UNINITIALIZED_AUTOS = YES_AGGRESSIVE;
				GCC_WARN_UNUSED_FUNCTION = YES;
				GCC_WARN_UNUSED_VARIABLE = YES;
				IPHONEOS_DEPLOYMENT_TARGET = 12.2;
				MTL_ENABLE_DEBUG_INFO = INCLUDE_SOURCE;
				MTL_FAST_MATH = YES;
				ONLY_ACTIVE_ARCH = YES;
				SDKROOT = iphoneos;
				SWIFT_ACTIVE_COMPILATION_CONDITIONS = DEBUG;
				SWIFT_OBJC_BRIDGING_HEADER = "WorkList/WorkList-Bridging-Header.h";
				SWIFT_OPTIMIZATION_LEVEL = "-Onone";
			};
			name = Debug;
		};
		2924274822C31B09003CDD9F /* Release */ = {
			isa = XCBuildConfiguration;
			buildSettings = {
				ALWAYS_SEARCH_USER_PATHS = NO;
				CLANG_ANALYZER_NONNULL = YES;
				CLANG_ANALYZER_NUMBER_OBJECT_CONVERSION = YES_AGGRESSIVE;
				CLANG_CXX_LANGUAGE_STANDARD = "gnu++14";
				CLANG_CXX_LIBRARY = "libc++";
				CLANG_ENABLE_MODULES = YES;
				CLANG_ENABLE_OBJC_ARC = YES;
				CLANG_ENABLE_OBJC_WEAK = YES;
				CLANG_WARN_BLOCK_CAPTURE_AUTORELEASING = YES;
				CLANG_WARN_BOOL_CONVERSION = YES;
				CLANG_WARN_COMMA = YES;
				CLANG_WARN_CONSTANT_CONVERSION = YES;
				CLANG_WARN_DEPRECATED_OBJC_IMPLEMENTATIONS = YES;
				CLANG_WARN_DIRECT_OBJC_ISA_USAGE = YES_ERROR;
				CLANG_WARN_DOCUMENTATION_COMMENTS = YES;
				CLANG_WARN_EMPTY_BODY = YES;
				CLANG_WARN_ENUM_CONVERSION = YES;
				CLANG_WARN_INFINITE_RECURSION = YES;
				CLANG_WARN_INT_CONVERSION = YES;
				CLANG_WARN_NON_LITERAL_NULL_CONVERSION = YES;
				CLANG_WARN_OBJC_IMPLICIT_RETAIN_SELF = YES;
				CLANG_WARN_OBJC_LITERAL_CONVERSION = YES;
				CLANG_WARN_OBJC_ROOT_CLASS = YES_ERROR;
				CLANG_WARN_RANGE_LOOP_ANALYSIS = YES;
				CLANG_WARN_STRICT_PROTOTYPES = YES;
				CLANG_WARN_SUSPICIOUS_MOVE = YES;
				CLANG_WARN_UNGUARDED_AVAILABILITY = YES_AGGRESSIVE;
				CLANG_WARN_UNREACHABLE_CODE = YES;
				CLANG_WARN__DUPLICATE_METHOD_MATCH = YES;
				CODE_SIGN_IDENTITY = "iPhone Developer";
				COPY_PHASE_STRIP = NO;
				DEBUG_INFORMATION_FORMAT = "dwarf-with-dsym";
				ENABLE_NS_ASSERTIONS = NO;
				ENABLE_STRICT_OBJC_MSGSEND = YES;
				GCC_C_LANGUAGE_STANDARD = gnu11;
				GCC_NO_COMMON_BLOCKS = YES;
				GCC_WARN_64_TO_32_BIT_CONVERSION = YES;
				GCC_WARN_ABOUT_RETURN_TYPE = YES_ERROR;
				GCC_WARN_UNDECLARED_SELECTOR = YES;
				GCC_WARN_UNINITIALIZED_AUTOS = YES_AGGRESSIVE;
				GCC_WARN_UNUSED_FUNCTION = YES;
				GCC_WARN_UNUSED_VARIABLE = YES;
				IPHONEOS_DEPLOYMENT_TARGET = 12.2;
				MTL_ENABLE_DEBUG_INFO = NO;
				MTL_FAST_MATH = YES;
				SDKROOT = iphoneos;
				SWIFT_COMPILATION_MODE = wholemodule;
				SWIFT_OBJC_BRIDGING_HEADER = "WorkList/WorkList-Bridging-Header.h";
				SWIFT_OPTIMIZATION_LEVEL = "-O";
				VALIDATE_PRODUCT = YES;
			};
			name = Release;
		};
		2924274A22C31B09003CDD9F /* Debug */ = {
			isa = XCBuildConfiguration;
			baseConfigurationReference = A6D3CF63B2D639F7255CFEBB /* Pods-WorkList.debug.xcconfig */;
			buildSettings = {
				ASSETCATALOG_COMPILER_APPICON_NAME = AppIcon;
				CODE_SIGN_ENTITLEMENTS = WorkList/WorkList.entitlements;
				CODE_SIGN_STYLE = Automatic;
				DEVELOPMENT_TEAM = GCAT449K7M;
				INFOPLIST_FILE = "$(SRCROOT)/WorkList/Support/Info.plist";
				LD_RUNPATH_SEARCH_PATHS = (
					"$(inherited)",
					"@executable_path/Frameworks",
				);
				PRODUCT_BUNDLE_IDENTIFIER = training.WorkList;
				PRODUCT_NAME = "$(TARGET_NAME)";
				SWIFT_VERSION = 5.0;
				TARGETED_DEVICE_FAMILY = "1,2";
			};
			name = Debug;
		};
		2924274B22C31B09003CDD9F /* Release */ = {
			isa = XCBuildConfiguration;
			baseConfigurationReference = D19C45D801C54A4DEB81928E /* Pods-WorkList.release.xcconfig */;
			buildSettings = {
				ASSETCATALOG_COMPILER_APPICON_NAME = AppIcon;
				CODE_SIGN_ENTITLEMENTS = WorkList/WorkList.entitlements;
				CODE_SIGN_STYLE = Automatic;
				DEVELOPMENT_TEAM = GCAT449K7M;
				INFOPLIST_FILE = "$(SRCROOT)/WorkList/Support/Info.plist";
				LD_RUNPATH_SEARCH_PATHS = (
					"$(inherited)",
					"@executable_path/Frameworks",
				);
				PRODUCT_BUNDLE_IDENTIFIER = training.WorkList;
				PRODUCT_NAME = "$(TARGET_NAME)";
				SWIFT_VERSION = 5.0;
				TARGETED_DEVICE_FAMILY = "1,2";
			};
			name = Release;
		};
/* End XCBuildConfiguration section */

/* Begin XCConfigurationList section */
		2924273222C31B08003CDD9F /* Build configuration list for PBXProject "WorkList" */ = {
			isa = XCConfigurationList;
			buildConfigurations = (
				2924274722C31B09003CDD9F /* Debug */,
				2924274822C31B09003CDD9F /* Release */,
			);
			defaultConfigurationIsVisible = 0;
			defaultConfigurationName = Release;
		};
		2924274922C31B09003CDD9F /* Build configuration list for PBXNativeTarget "WorkList" */ = {
			isa = XCConfigurationList;
			buildConfigurations = (
				2924274A22C31B09003CDD9F /* Debug */,
				2924274B22C31B09003CDD9F /* Release */,
			);
			defaultConfigurationIsVisible = 0;
			defaultConfigurationName = Release;
		};
/* End XCConfigurationList section */
	};
	rootObject = 2924272F22C31B08003CDD9F /* Project object */;
}
